
Microsoft Visual Studio Solution File, Format Version 12.00
# Visual Studio Version 17
VisualStudioVersion = 17.14.36811.4 d17.14
MinimumVisualStudioVersion = 10.0.40219.1
Project("{888888A0-9F3D-457C-B088-3A5042F75D52}") = "Language_dictionary", "Language_dictionary.pyproj", "{1977B543-90E7-42C8-9F17-20C8547CE254}"
EndProject
Global
	GlobalSection(SolutionConfigurationPlatforms) = preSolution
		Debug|Any CPU = Debug|Any CPU
		Release|Any CPU = Release|Any CPU
	EndGlobalSection
	GlobalSection(ProjectConfigurationPlatforms) = postSolution
		{1977B543-90E7-42C8-9F17-20C8547CE254}.Debug|Any CPU.ActiveCfg = Debug|Any CPU
		{1977B543-90E7-42C8-9F17-20C8547CE254}.Release|Any CPU.ActiveCfg = Release|Any CPU
	EndGlobalSection
	GlobalSection(SolutionProperties) = preSolution
		HideSolutionNode = FALSE
	EndGlobalSection
	GlobalSection(ExtensibilityGlobals) = postSolution
		SolutionGuid = {5AFE396D-E8B7-4177-98B1-570A3D05BD2B}
	EndGlobalSection
EndGlobal
